// !$*UTF8*$!
{
	archiveVersion = 1;
	classes = {
	};
	objectVersion = 46;
	objects = {

/* Begin PBXBuildFile section */
		0569FACABB28F58022C21F2B /* Pods_ListTodoUITests.framework in Frameworks */ = {isa = PBXBuildFile; fileRef = 54A13972D4FFAE6C06170FAF /* Pods_ListTodoUITests.framework */; };
		1F691BCA1E2E1BAE001F9CA3 /* AppDelegate.swift in Sources */ = {isa = PBXBuildFile; fileRef = 1F691BC91E2E1BAE001F9CA3 /* AppDelegate.swift */; };
		1F691BCF1E2E1BAE001F9CA3 /* Main.storyboard in Resources */ = {isa = PBXBuildFile; fileRef = 1F691BCD1E2E1BAE001F9CA3 /* Main.storyboard */; };
		1F691BD21E2E1BAE001F9CA3 /* ListTodo.xcdatamodeld in Sources */ = {isa = PBXBuildFile; fileRef = 1F691BD01E2E1BAE001F9CA3 /* ListTodo.xcdatamodeld */; };
		1F691BD41E2E1BAF001F9CA3 /* Assets.xcassets in Resources */ = {isa = PBXBuildFile; fileRef = 1F691BD31E2E1BAF001F9CA3 /* Assets.xcassets */; };
		1F691BD71E2E1BAF001F9CA3 /* LaunchScreen.storyboard in Resources */ = {isa = PBXBuildFile; fileRef = 1F691BD51E2E1BAF001F9CA3 /* LaunchScreen.storyboard */; };
		1F691BE21E2E1BAF001F9CA3 /* ListTodoTests.swift in Sources */ = {isa = PBXBuildFile; fileRef = 1F691BE11E2E1BAF001F9CA3 /* ListTodoTests.swift */; };
		1F691BED1E2E1BB0001F9CA3 /* ListTodoUITests.swift in Sources */ = {isa = PBXBuildFile; fileRef = 1F691BEC1E2E1BB0001F9CA3 /* ListTodoUITests.swift */; };
		1F691BFB1E2E1E0F001F9CA3 /* TaskTableViewCell.swift in Sources */ = {isa = PBXBuildFile; fileRef = 1F691BFA1E2E1E0F001F9CA3 /* TaskTableViewCell.swift */; };
		1F691BFD1E2E1E1B001F9CA3 /* TasksViewController.swift in Sources */ = {isa = PBXBuildFile; fileRef = 1F691BFC1E2E1E1B001F9CA3 /* TasksViewController.swift */; };
		1F691BFF1E2E1E26001F9CA3 /* AddTaskViewController.swift in Sources */ = {isa = PBXBuildFile; fileRef = 1F691BFE1E2E1E26001F9CA3 /* AddTaskViewController.swift */; };
		1F691C011E2E327B001F9CA3 /* Extensions.swift in Sources */ = {isa = PBXBuildFile; fileRef = 1F691C001E2E327B001F9CA3 /* Extensions.swift */; };
		1FC9E8911E2E49730036FB82 /* GroupsViewController.swift in Sources */ = {isa = PBXBuildFile; fileRef = 1FC9E8901E2E49730036FB82 /* GroupsViewController.swift */; };
		78FACE7A0C7E773055351097 /* Pods_ListTodoTests.framework in Frameworks */ = {isa = PBXBuildFile; fileRef = AD615ADE6739AC80ECAF8195 /* Pods_ListTodoTests.framework */; };
		D85A589069AA59F3184F9C75 /* Pods_ListTodo.framework in Frameworks */ = {isa = PBXBuildFile; fileRef = DFBFD08765BC76438D4F7A4F /* Pods_ListTodo.framework */; };
/* End PBXBuildFile section */

/* Begin PBXContainerItemProxy section */
		1F691BDE1E2E1BAF001F9CA3 /* PBXContainerItemProxy */ = {
			isa = PBXContainerItemProxy;
			containerPortal = 1F691BBE1E2E1BAE001F9CA3 /* Project object */;
			proxyType = 1;
			remoteGlobalIDString = 1F691BC51E2E1BAE001F9CA3;
			remoteInfo = ListTodo;
		};
		1F691BE91E2E1BAF001F9CA3 /* PBXContainerItemProxy */ = {
			isa = PBXContainerItemProxy;
			containerPortal = 1F691BBE1E2E1BAE001F9CA3 /* Project object */;
			proxyType = 1;
			remoteGlobalIDString = 1F691BC51E2E1BAE001F9CA3;
			remoteInfo = ListTodo;
		};
/* End PBXContainerItemProxy section */

/* Begin PBXFileReference section */
		1F691BC61E2E1BAE001F9CA3 /* ListTodo.app */ = {isa = PBXFileReference; explicitFileType = wrapper.application; includeInIndex = 0; path = ListTodo.app; sourceTree = BUILT_PRODUCTS_DIR; };
		1F691BC91E2E1BAE001F9CA3 /* AppDelegate.swift */ = {isa = PBXFileReference; lastKnownFileType = sourcecode.swift; path = AppDelegate.swift; sourceTree = "<group>"; };
		1F691BCE1E2E1BAE001F9CA3 /* Base */ = {isa = PBXFileReference; lastKnownFileType = file.storyboard; name = Base; path = Base.lproj/Main.storyboard; sourceTree = "<group>"; };
		1F691BD11E2E1BAE001F9CA3 /* ListTodo.xcdatamodel */ = {isa = PBXFileReference; lastKnownFileType = wrapper.xcdatamodel; path = ListTodo.xcdatamodel; sourceTree = "<group>"; };
		1F691BD31E2E1BAF001F9CA3 /* Assets.xcassets */ = {isa = PBXFileReference; lastKnownFileType = folder.assetcatalog; path = Assets.xcassets; sourceTree = "<group>"; };
		1F691BD61E2E1BAF001F9CA3 /* Base */ = {isa = PBXFileReference; lastKnownFileType = file.storyboard; name = Base; path = Base.lproj/LaunchScreen.storyboard; sourceTree = "<group>"; };
		1F691BD81E2E1BAF001F9CA3 /* Info.plist */ = {isa = PBXFileReference; lastKnownFileType = text.plist.xml; path = Info.plist; sourceTree = "<group>"; };
		1F691BDD1E2E1BAF001F9CA3 /* ListTodoTests.xctest */ = {isa = PBXFileReference; explicitFileType = wrapper.cfbundle; includeInIndex = 0; path = ListTodoTests.xctest; sourceTree = BUILT_PRODUCTS_DIR; };
		1F691BE11E2E1BAF001F9CA3 /* ListTodoTests.swift */ = {isa = PBXFileReference; lastKnownFileType = sourcecode.swift; path = ListTodoTests.swift; sourceTree = "<group>"; };
		1F691BE31E2E1BAF001F9CA3 /* Info.plist */ = {isa = PBXFileReference; lastKnownFileType = text.plist.xml; path = Info.plist; sourceTree = "<group>"; };
		1F691BE81E2E1BAF001F9CA3 /* ListTodoUITests.xctest */ = {isa = PBXFileReference; explicitFileType = wrapper.cfbundle; includeInIndex = 0; path = ListTodoUITests.xctest; sourceTree = BUILT_PRODUCTS_DIR; };
		1F691BEC1E2E1BB0001F9CA3 /* ListTodoUITests.swift */ = {isa = PBXFileReference; lastKnownFileType = sourcecode.swift; path = ListTodoUITests.swift; sourceTree = "<group>"; };
		1F691BEE1E2E1BB0001F9CA3 /* Info.plist */ = {isa = PBXFileReference; lastKnownFileType = text.plist.xml; path = Info.plist; sourceTree = "<group>"; };
		1F691BFA1E2E1E0F001F9CA3 /* TaskTableViewCell.swift */ = {isa = PBXFileReference; fileEncoding = 4; lastKnownFileType = sourcecode.swift; path = TaskTableViewCell.swift; sourceTree = "<group>"; };
		1F691BFC1E2E1E1B001F9CA3 /* TasksViewController.swift */ = {isa = PBXFileReference; fileEncoding = 4; lastKnownFileType = sourcecode.swift; path = TasksViewController.swift; sourceTree = "<group>"; };
		1F691BFE1E2E1E26001F9CA3 /* AddTaskViewController.swift */ = {isa = PBXFileReference; fileEncoding = 4; lastKnownFileType = sourcecode.swift; path = AddTaskViewController.swift; sourceTree = "<group>"; };
		1F691C001E2E327B001F9CA3 /* Extensions.swift */ = {isa = PBXFileReference; fileEncoding = 4; lastKnownFileType = sourcecode.swift; path = Extensions.swift; sourceTree = "<group>"; };
		1FC9E8901E2E49730036FB82 /* GroupsViewController.swift */ = {isa = PBXFileReference; fileEncoding = 4; lastKnownFileType = sourcecode.swift; path = GroupsViewController.swift; sourceTree = "<group>"; };
		3B3E38DF61411F965247B256 /* Pods-ListTodo.release.xcconfig */ = {isa = PBXFileReference; includeInIndex = 1; lastKnownFileType = text.xcconfig; name = "Pods-ListTodo.release.xcconfig"; path = "Pods/Target Support Files/Pods-ListTodo/Pods-ListTodo.release.xcconfig"; sourceTree = "<group>"; };
		50F011897397B21FB406EDC5 /* Pods-ListTodoTests.debug.xcconfig */ = {isa = PBXFileReference; includeInIndex = 1; lastKnownFileType = text.xcconfig; name = "Pods-ListTodoTests.debug.xcconfig"; path = "Pods/Target Support Files/Pods-ListTodoTests/Pods-ListTodoTests.debug.xcconfig"; sourceTree = "<group>"; };
		54A13972D4FFAE6C06170FAF /* Pods_ListTodoUITests.framework */ = {isa = PBXFileReference; explicitFileType = wrapper.framework; includeInIndex = 0; path = Pods_ListTodoUITests.framework; sourceTree = BUILT_PRODUCTS_DIR; };
		AD615ADE6739AC80ECAF8195 /* Pods_ListTodoTests.framework */ = {isa = PBXFileReference; explicitFileType = wrapper.framework; includeInIndex = 0; path = Pods_ListTodoTests.framework; sourceTree = BUILT_PRODUCTS_DIR; };
		BA23402F1ED51D634C2C0CD1 /* Pods-ListTodo.debug.xcconfig */ = {isa = PBXFileReference; includeInIndex = 1; lastKnownFileType = text.xcconfig; name = "Pods-ListTodo.debug.xcconfig"; path = "Pods/Target Support Files/Pods-ListTodo/Pods-ListTodo.debug.xcconfig"; sourceTree = "<group>"; };
		C8AAEBBDF0CB248F9698D8C0 /* Pods-ListTodoUITests.release.xcconfig */ = {isa = PBXFileReference; includeInIndex = 1; lastKnownFileType = text.xcconfig; name = "Pods-ListTodoUITests.release.xcconfig"; path = "Pods/Target Support Files/Pods-ListTodoUITests/Pods-ListTodoUITests.release.xcconfig"; sourceTree = "<group>"; };
		DD4BE239780EF7B9DF4723BC /* Pods-ListTodoTests.release.xcconfig */ = {isa = PBXFileReference; includeInIndex = 1; lastKnownFileType = text.xcconfig; name = "Pods-ListTodoTests.release.xcconfig"; path = "Pods/Target Support Files/Pods-ListTodoTests/Pods-ListTodoTests.release.xcconfig"; sourceTree = "<group>"; };
		DFBFD08765BC76438D4F7A4F /* Pods_ListTodo.framework */ = {isa = PBXFileReference; explicitFileType = wrapper.framework; includeInIndex = 0; path = Pods_ListTodo.framework; sourceTree = BUILT_PRODUCTS_DIR; };
		FEBA1994364D75C93E7BEF75 /* Pods-ListTodoUITests.debug.xcconfig */ = {isa = PBXFileReference; includeInIndex = 1; lastKnownFileType = text.xcconfig; name = "Pods-ListTodoUITests.debug.xcconfig"; path = "Pods/Target Support Files/Pods-ListTodoUITests/Pods-ListTodoUITests.debug.xcconfig"; sourceTree = "<group>"; };
/* End PBXFileReference section */

/* Begin PBXFrameworksBuildPhase section */
		1F691BC31E2E1BAE001F9CA3 /* Frameworks */ = {
			isa = PBXFrameworksBuildPhase;
			buildActionMask = 2147483647;
			files = (
				D85A589069AA59F3184F9C75 /* Pods_ListTodo.framework in Frameworks */,
			);
			runOnlyForDeploymentPostprocessing = 0;
		};
		1F691BDA1E2E1BAF001F9CA3 /* Frameworks */ = {
			isa = PBXFrameworksBuildPhase;
			buildActionMask = 2147483647;
			files = (
				78FACE7A0C7E773055351097 /* Pods_ListTodoTests.framework in Frameworks */,
			);
			runOnlyForDeploymentPostprocessing = 0;
		};
		1F691BE51E2E1BAF001F9CA3 /* Frameworks */ = {
			isa = PBXFrameworksBuildPhase;
			buildActionMask = 2147483647;
			files = (
				0569FACABB28F58022C21F2B /* Pods_ListTodoUITests.framework in Frameworks */,
			);
			runOnlyForDeploymentPostprocessing = 0;
		};
/* End PBXFrameworksBuildPhase section */

/* Begin PBXGroup section */
		1F691BBD1E2E1BAE001F9CA3 = {
			isa = PBXGroup;
			children = (
				1F691BC81E2E1BAE001F9CA3 /* ListTodo */,
				1F691BE01E2E1BAF001F9CA3 /* ListTodoTests */,
				1F691BEB1E2E1BAF001F9CA3 /* ListTodoUITests */,
				1F691BC71E2E1BAE001F9CA3 /* Products */,
				9736CE12F4467EDFEF19C87E /* Pods */,
				FC5C6565F760ACC280E9E79C /* Frameworks */,
			);
			sourceTree = "<group>";
		};
		1F691BC71E2E1BAE001F9CA3 /* Products */ = {
			isa = PBXGroup;
			children = (
				1F691BC61E2E1BAE001F9CA3 /* ListTodo.app */,
				1F691BDD1E2E1BAF001F9CA3 /* ListTodoTests.xctest */,
				1F691BE81E2E1BAF001F9CA3 /* ListTodoUITests.xctest */,
			);
			name = Products;
			sourceTree = "<group>";
		};
		1F691BC81E2E1BAE001F9CA3 /* ListTodo */ = {
			isa = PBXGroup;
			children = (
				1F691BC91E2E1BAE001F9CA3 /* AppDelegate.swift */,
				1FC9E8901E2E49730036FB82 /* GroupsViewController.swift */,
				1F691BFC1E2E1E1B001F9CA3 /* TasksViewController.swift */,
				1F691BFA1E2E1E0F001F9CA3 /* TaskTableViewCell.swift */,
				1F691BFE1E2E1E26001F9CA3 /* AddTaskViewController.swift */,
				1F691BCD1E2E1BAE001F9CA3 /* Main.storyboard */,
				1F691BD31E2E1BAF001F9CA3 /* Assets.xcassets */,
				1F691BD51E2E1BAF001F9CA3 /* LaunchScreen.storyboard */,
				1F691BD81E2E1BAF001F9CA3 /* Info.plist */,
				1F691BD01E2E1BAE001F9CA3 /* ListTodo.xcdatamodeld */,
				1F691C001E2E327B001F9CA3 /* Extensions.swift */,
			);
			path = ListTodo;
			sourceTree = "<group>";
		};
		1F691BE01E2E1BAF001F9CA3 /* ListTodoTests */ = {
			isa = PBXGroup;
			children = (
				1F691BE11E2E1BAF001F9CA3 /* ListTodoTests.swift */,
				1F691BE31E2E1BAF001F9CA3 /* Info.plist */,
			);
			path = ListTodoTests;
			sourceTree = "<group>";
		};
		1F691BEB1E2E1BAF001F9CA3 /* ListTodoUITests */ = {
			isa = PBXGroup;
			children = (
				1F691BEC1E2E1BB0001F9CA3 /* ListTodoUITests.swift */,
				1F691BEE1E2E1BB0001F9CA3 /* Info.plist */,
			);
			path = ListTodoUITests;
			sourceTree = "<group>";
		};
		9736CE12F4467EDFEF19C87E /* Pods */ = {
			isa = PBXGroup;
			children = (
				BA23402F1ED51D634C2C0CD1 /* Pods-ListTodo.debug.xcconfig */,
				3B3E38DF61411F965247B256 /* Pods-ListTodo.release.xcconfig */,
				50F011897397B21FB406EDC5 /* Pods-ListTodoTests.debug.xcconfig */,
				DD4BE239780EF7B9DF4723BC /* Pods-ListTodoTests.release.xcconfig */,
				FEBA1994364D75C93E7BEF75 /* Pods-ListTodoUITests.debug.xcconfig */,
				C8AAEBBDF0CB248F9698D8C0 /* Pods-ListTodoUITests.release.xcconfig */,
			);
			name = Pods;
			sourceTree = "<group>";
		};
		FC5C6565F760ACC280E9E79C /* Frameworks */ = {
			isa = PBXGroup;
			children = (
				DFBFD08765BC76438D4F7A4F /* Pods_ListTodo.framework */,
				AD615ADE6739AC80ECAF8195 /* Pods_ListTodoTests.framework */,
				54A13972D4FFAE6C06170FAF /* Pods_ListTodoUITests.framework */,
			);
			name = Frameworks;
			sourceTree = "<group>";
		};
/* End PBXGroup section */

/* Begin PBXNativeTarget section */
		1F691BC51E2E1BAE001F9CA3 /* ListTodo */ = {
			isa = PBXNativeTarget;
			buildConfigurationList = 1F691BF11E2E1BB0001F9CA3 /* Build configuration list for PBXNativeTarget "ListTodo" */;
			buildPhases = (
				3D190F76876ACECF36EC83EE /* [CP] Check Pods Manifest.lock */,
				1F691BC21E2E1BAE001F9CA3 /* Sources */,
				1F691BC31E2E1BAE001F9CA3 /* Frameworks */,
				1F691BC41E2E1BAE001F9CA3 /* Resources */,
				4D975495D338E33795F817F2 /* [CP] Embed Pods Frameworks */,
				F31C590B733D897A9990EAE1 /* [CP] Copy Pods Resources */,
			);
			buildRules = (
			);
			dependencies = (
			);
			name = ListTodo;
			productName = ListTodo;
			productReference = 1F691BC61E2E1BAE001F9CA3 /* ListTodo.app */;
			productType = "com.apple.product-type.application";
		};
		1F691BDC1E2E1BAF001F9CA3 /* ListTodoTests */ = {
			isa = PBXNativeTarget;
			buildConfigurationList = 1F691BF41E2E1BB0001F9CA3 /* Build configuration list for PBXNativeTarget "ListTodoTests" */;
			buildPhases = (
				03CD227D4CA3CB43DA37030A /* [CP] Check Pods Manifest.lock */,
				1F691BD91E2E1BAF001F9CA3 /* Sources */,
				1F691BDA1E2E1BAF001F9CA3 /* Frameworks */,
				1F691BDB1E2E1BAF001F9CA3 /* Resources */,
				4DCF6E35BB6F9A8F4EFF1CA7 /* [CP] Embed Pods Frameworks */,
				5B529755B03A2284336CB44F /* [CP] Copy Pods Resources */,
			);
			buildRules = (
			);
			dependencies = (
				1F691BDF1E2E1BAF001F9CA3 /* PBXTargetDependency */,
			);
			name = ListTodoTests;
			productName = ListTodoTests;
			productReference = 1F691BDD1E2E1BAF001F9CA3 /* ListTodoTests.xctest */;
			productType = "com.apple.product-type.bundle.unit-test";
		};
		1F691BE71E2E1BAF001F9CA3 /* ListTodoUITests */ = {
			isa = PBXNativeTarget;
			buildConfigurationList = 1F691BF71E2E1BB0001F9CA3 /* Build configuration list for PBXNativeTarget "ListTodoUITests" */;
			buildPhases = (
				9A10CDF61CB865992222BCE3 /* [CP] Check Pods Manifest.lock */,
				1F691BE41E2E1BAF001F9CA3 /* Sources */,
				1F691BE51E2E1BAF001F9CA3 /* Frameworks */,
				1F691BE61E2E1BAF001F9CA3 /* Resources */,
				7EB3F64C801C211473B720FE /* [CP] Embed Pods Frameworks */,
				7893C73D7A4CECFFDCB4DB89 /* [CP] Copy Pods Resources */,
			);
			buildRules = (
			);
			dependencies = (
				1F691BEA1E2E1BAF001F9CA3 /* PBXTargetDependency */,
			);
			name = ListTodoUITests;
			productName = ListTodoUITests;
			productReference = 1F691BE81E2E1BAF001F9CA3 /* ListTodoUITests.xctest */;
			productType = "com.apple.product-type.bundle.ui-testing";
		};
/* End PBXNativeTarget section */

/* Begin PBXProject section */
		1F691BBE1E2E1BAE001F9CA3 /* Project object */ = {
			isa = PBXProject;
			attributes = {
				LastSwiftUpdateCheck = 0800;
				LastUpgradeCheck = 0800;
				ORGANIZATIONNAME = ganesh;
				TargetAttributes = {
					1F691BC51E2E1BAE001F9CA3 = {
						CreatedOnToolsVersion = 8.0;
						DevelopmentTeam = VS4N353AJM;
						ProvisioningStyle = Automatic;
					};
					1F691BDC1E2E1BAF001F9CA3 = {
						CreatedOnToolsVersion = 8.0;
						DevelopmentTeam = VS4N353AJM;
						ProvisioningStyle = Automatic;
						TestTargetID = 1F691BC51E2E1BAE001F9CA3;
					};
					1F691BE71E2E1BAF001F9CA3 = {
						CreatedOnToolsVersion = 8.0;
						DevelopmentTeam = VS4N353AJM;
						ProvisioningStyle = Automatic;
						TestTargetID = 1F691BC51E2E1BAE001F9CA3;
					};
				};
			};
			buildConfigurationList = 1F691BC11E2E1BAE001F9CA3 /* Build configuration list for PBXProject "ListTodo" */;
			compatibilityVersion = "Xcode 3.2";
			developmentRegion = English;
			hasScannedForEncodings = 0;
			knownRegions = (
				en,
				Base,
			);
			mainGroup = 1F691BBD1E2E1BAE001F9CA3;
			productRefGroup = 1F691BC71E2E1BAE001F9CA3 /* Products */;
			projectDirPath = "";
			projectRoot = "";
			targets = (
				1F691BC51E2E1BAE001F9CA3 /* ListTodo */,
				1F691BDC1E2E1BAF001F9CA3 /* ListTodoTests */,
				1F691BE71E2E1BAF001F9CA3 /* ListTodoUITests */,
			);
		};
/* End PBXProject section */

/* Begin PBXResourcesBuildPhase section */
		1F691BC41E2E1BAE001F9CA3 /* Resources */ = {
			isa = PBXResourcesBuildPhase;
			buildActionMask = 2147483647;
			files = (
				1F691BD71E2E1BAF001F9CA3 /* LaunchScreen.storyboard in Resources */,
				1F691BD41E2E1BAF001F9CA3 /* Assets.xcassets in Resources */,
				1F691BCF1E2E1BAE001F9CA3 /* Main.storyboard in Resources */,
			);
			runOnlyForDeploymentPostprocessing = 0;
		};
		1F691BDB1E2E1BAF001F9CA3 /* Resources */ = {
			isa = PBXResourcesBuildPhase;
			buildActionMask = 2147483647;
			files = (
			);
			runOnlyForDeploymentPostprocessing = 0;
		};
		1F691BE61E2E1BAF001F9CA3 /* Resources */ = {
			isa = PBXResourcesBuildPhase;
			buildActionMask = 2147483647;
			files = (
			);
			runOnlyForDeploymentPostprocessing = 0;
		};
/* End PBXResourcesBuildPhase section */

/* Begin PBXShellScriptBuildPhase section */
		03CD227D4CA3CB43DA37030A /* [CP] Check Pods Manifest.lock */ = {
			isa = PBXShellScriptBuildPhase;
			buildActionMask = 2147483647;
			files = (
			);
			inputPaths = (
			);
			name = "[CP] Check Pods Manifest.lock";
			outputPaths = (
			);
			runOnlyForDeploymentPostprocessing = 0;
			shellPath = /bin/sh;
			shellScript = "diff \"${PODS_ROOT}/../Podfile.lock\" \"${PODS_ROOT}/Manifest.lock\" > /dev/null\nif [ $? != 0 ] ; then\n    # print error to STDERR\n    echo \"error: The sandbox is not in sync with the Podfile.lock. Run 'pod install' or update your CocoaPods installation.\" >&2\n    exit 1\nfi\n";
			showEnvVarsInLog = 0;
		};
		3D190F76876ACECF36EC83EE /* [CP] Check Pods Manifest.lock */ = {
			isa = PBXShellScriptBuildPhase;
			buildActionMask = 2147483647;
			files = (
			);
			inputPaths = (
			);
			name = "[CP] Check Pods Manifest.lock";
			outputPaths = (
			);
			runOnlyForDeploymentPostprocessing = 0;
			shellPath = /bin/sh;
			shellScript = "diff \"${PODS_ROOT}/../Podfile.lock\" \"${PODS_ROOT}/Manifest.lock\" > /dev/null\nif [ $? != 0 ] ; then\n    # print error to STDERR\n    echo \"error: The sandbox is not in sync with the Podfile.lock. Run 'pod install' or update your CocoaPods installation.\" >&2\n    exit 1\nfi\n";
			showEnvVarsInLog = 0;
		};
		4D975495D338E33795F817F2 /* [CP] Embed Pods Frameworks */ = {
			isa = PBXShellScriptBuildPhase;
			buildActionMask = 2147483647;
			files = (
			);
			inputPaths = (
			);
			name = "[CP] Embed Pods Frameworks";
			outputPaths = (
			);
			runOnlyForDeploymentPostprocessing = 0;
			shellPath = /bin/sh;
			shellScript = "\"${SRCROOT}/Pods/Target Support Files/Pods-ListTodo/Pods-ListTodo-frameworks.sh\"\n";
			showEnvVarsInLog = 0;
		};
		4DCF6E35BB6F9A8F4EFF1CA7 /* [CP] Embed Pods Frameworks */ = {
			isa = PBXShellScriptBuildPhase;
			buildActionMask = 2147483647;
			files = (
			);
			inputPaths = (
			);
			name = "[CP] Embed Pods Frameworks";
			outputPaths = (
			);
			runOnlyForDeploymentPostprocessing = 0;
			shellPath = /bin/sh;
			shellScript = "\"${SRCROOT}/Pods/Target Support Files/Pods-ListTodoTests/Pods-ListTodoTests-frameworks.sh\"\n";
			showEnvVarsInLog = 0;
		};
		5B529755B03A2284336CB44F /* [CP] Copy Pods Resources */ = {
			isa = PBXShellScriptBuildPhase;
			buildActionMask = 2147483647;
			files = (
			);
			inputPaths = (
			);
			name = "[CP] Copy Pods Resources";
			outputPaths = (
			);
			runOnlyForDeploymentPostprocessing = 0;
			shellPath = /bin/sh;
			shellScript = "\"${SRCROOT}/Pods/Target Support Files/Pods-ListTodoTests/Pods-ListTodoTests-resources.sh\"\n";
			showEnvVarsInLog = 0;
		};
		7893C73D7A4CECFFDCB4DB89 /* [CP] Copy Pods Resources */ = {
			isa = PBXShellScriptBuildPhase;
			buildActionMask = 2147483647;
			files = (
			);
			inputPaths = (
			);
			name = "[CP] Copy Pods Resources";
			outputPaths = (
			);
			runOnlyForDeploymentPostprocessing = 0;
			shellPath = /bin/sh;
			shellScript = "\"${SRCROOT}/Pods/Target Support Files/Pods-ListTodoUITests/Pods-ListTodoUITests-resources.sh\"\n";
			showEnvVarsInLog = 0;
		};
		7EB3F64C801C211473B720FE /* [CP] Embed Pods Frameworks */ = {
			isa = PBXShellScriptBuildPhase;
			buildActionMask = 2147483647;
			files = (
			);
			inputPaths = (
			);
			name = "[CP] Embed Pods Frameworks";
			outputPaths = (
			);
			runOnlyForDeploymentPostprocessing = 0;
			shellPath = /bin/sh;
			shellScript = "\"${SRCROOT}/Pods/Target Support Files/Pods-ListTodoUITests/Pods-ListTodoUITests-frameworks.sh\"\n";
			showEnvVarsInLog = 0;
		};
		9A10CDF61CB865992222BCE3 /* [CP] Check Pods Manifest.lock */ = {
			isa = PBXShellScriptBuildPhase;
			buildActionMask = 2147483647;
			files = (
			);
			inputPaths = (
			);
			name = "[CP] Check Pods Manifest.lock";
			outputPaths = (
			);
			runOnlyForDeploymentPostprocessing = 0;
			shellPath = /bin/sh;
			shellScript = "diff \"${PODS_ROOT}/../Podfile.lock\" \"${PODS_ROOT}/Manifest.lock\" > /dev/null\nif [ $? != 0 ] ; then\n    # print error to STDERR\n    echo \"error: The sandbox is not in sync with the Podfile.lock. Run 'pod install' or update your CocoaPods installation.\" >&2\n    exit 1\nfi\n";
			showEnvVarsInLog = 0;
		};
		F31C590B733D897A9990EAE1 /* [CP] Copy Pods Resources */ = {
			isa = PBXShellScriptBuildPhase;
			buildActionMask = 2147483647;
			files = (
			);
			inputPaths = (
			);
			name = "[CP] Copy Pods Resources";
			outputPaths = (
			);
			runOnlyForDeploymentPostprocessing = 0;
			shellPath = /bin/sh;
			shellScript = "\"${SRCROOT}/Pods/Target Support Files/Pods-ListTodo/Pods-ListTodo-resources.sh\"\n";
			showEnvVarsInLog = 0;
		};
/* End PBXShellScriptBuildPhase section */

/* Begin PBXSourcesBuildPhase section */
		1F691BC21E2E1BAE001F9CA3 /* Sources */ = {
			isa = PBXSourcesBuildPhase;
			buildActionMask = 2147483647;
			files = (
				1FC9E8911E2E49730036FB82 /* GroupsViewController.swift in Sources */,
				1F691BFB1E2E1E0F001F9CA3 /* TaskTableViewCell.swift in Sources */,
				1F691C011E2E327B001F9CA3 /* Extensions.swift in Sources */,
				1F691BFF1E2E1E26001F9CA3 /* AddTaskViewController.swift in Sources */,
				1F691BD21E2E1BAE001F9CA3 /* ListTodo.xcdatamodeld in Sources */,
				1F691BFD1E2E1E1B001F9CA3 /* TasksViewController.swift in Sources */,
				1F691BCA1E2E1BAE001F9CA3 /* AppDelegate.swift in Sources */,
			);
			runOnlyForDeploymentPostprocessing = 0;
		};
		1F691BD91E2E1BAF001F9CA3 /* Sources */ = {
			isa = PBXSourcesBuildPhase;
			buildActionMask = 2147483647;
			files = (
				1F691BE21E2E1BAF001F9CA3 /* ListTodoTests.swift in Sources */,
			);
			runOnlyForDeploymentPostprocessing = 0;
		};
		1F691BE41E2E1BAF001F9CA3 /* Sources */ = {
			isa = PBXSourcesBuildPhase;
			buildActionMask = 2147483647;
			files = (
				1F691BED1E2E1BB0001F9CA3 /* ListTodoUITests.swift in Sources */,
			);
			runOnlyForDeploymentPostprocessing = 0;
		};
/* End PBXSourcesBuildPhase section */

/* Begin PBXTargetDependency section */
		1F691BDF1E2E1BAF001F9CA3 /* PBXTargetDependency */ = {
			isa = PBXTargetDependency;
			target = 1F691BC51E2E1BAE001F9CA3 /* ListTodo */;
			targetProxy = 1F691BDE1E2E1BAF001F9CA3 /* PBXContainerItemProxy */;
		};
		1F691BEA1E2E1BAF001F9CA3 /* PBXTargetDependency */ = {
			isa = PBXTargetDependency;
			target = 1F691BC51E2E1BAE001F9CA3 /* ListTodo */;
			targetProxy = 1F691BE91E2E1BAF001F9CA3 /* PBXContainerItemProxy */;
		};
/* End PBXTargetDependency section */

/* Begin PBXVariantGroup section */
		1F691BCD1E2E1BAE001F9CA3 /* Main.storyboard */ = {
			isa = PBXVariantGroup;
			children = (
				1F691BCE1E2E1BAE001F9CA3 /* Base */,
			);
			name = Main.storyboard;
			sourceTree = "<group>";
		};
		1F691BD51E2E1BAF001F9CA3 /* LaunchScreen.storyboard */ = {
			isa = PBXVariantGroup;
			children = (
				1F691BD61E2E1BAF001F9CA3 /* Base */,
			);
			name = LaunchScreen.storyboard;
			sourceTree = "<group>";
		};
/* End PBXVariantGroup section */

/* Begin XCBuildConfiguration section */
		1F691BEF1E2E1BB0001F9CA3 /* Debug */ = {
			isa = XCBuildConfiguration;
			buildSettings = {
				ALWAYS_SEARCH_USER_PATHS = NO;
				CLANG_ANALYZER_NONNULL = YES;
				CLANG_CXX_LANGUAGE_STANDARD = "gnu++0x";
				CLANG_CXX_LIBRARY = "libc++";
				CLANG_ENABLE_MODULES = YES;
				CLANG_ENABLE_OBJC_ARC = YES;
				CLANG_WARN_BOOL_CONVERSION = YES;
				CLANG_WARN_CONSTANT_CONVERSION = YES;
				CLANG_WARN_DIRECT_OBJC_ISA_USAGE = YES_ERROR;
				CLANG_WARN_DOCUMENTATION_COMMENTS = YES;
				CLANG_WARN_EMPTY_BODY = YES;
				CLANG_WARN_ENUM_CONVERSION = YES;
				CLANG_WARN_INFINITE_RECURSION = YES;
				CLANG_WARN_INT_CONVERSION = YES;
				CLANG_WARN_OBJC_ROOT_CLASS = YES_ERROR;
				CLANG_WARN_SUSPICIOUS_MOVES = YES;
				CLANG_WARN_UNREACHABLE_CODE = YES;
				CLANG_WARN__DUPLICATE_METHOD_MATCH = YES;
				"CODE_SIGN_IDENTITY[sdk=iphoneos*]" = "iPhone Developer";
				COPY_PHASE_STRIP = NO;
				DEBUG_INFORMATION_FORMAT = dwarf;
				ENABLE_STRICT_OBJC_MSGSEND = YES;
				ENABLE_TESTABILITY = YES;
				GCC_C_LANGUAGE_STANDARD = gnu99;
				GCC_DYNAMIC_NO_PIC = NO;
				GCC_NO_COMMON_BLOCKS = YES;
				GCC_OPTIMIZATION_LEVEL = 0;
				GCC_PREPROCESSOR_DEFINITIONS = (
					"DEBUG=1",
					"$(inherited)",
				);
				GCC_WARN_64_TO_32_BIT_CONVERSION = YES;
				GCC_WARN_ABOUT_RETURN_TYPE = YES_ERROR;
				GCC_WARN_UNDECLARED_SELECTOR = YES;
				GCC_WARN_UNINITIALIZED_AUTOS = YES_AGGRESSIVE;
				GCC_WARN_UNUSED_FUNCTION = YES;
				GCC_WARN_UNUSED_VARIABLE = YES;
				IPHONEOS_DEPLOYMENT_TARGET = 10.0;
				MTL_ENABLE_DEBUG_INFO = YES;
				ONLY_ACTIVE_ARCH = YES;
				SDKROOT = iphoneos;
				SWIFT_ACTIVE_COMPILATION_CONDITIONS = DEBUG;
				SWIFT_OPTIMIZATION_LEVEL = "-Onone";
				TARGETED_DEVICE_FAMILY = "1,2";
			};
			name = Debug;
		};
		1F691BF01E2E1BB0001F9CA3 /* Release */ = {
			isa = XCBuildConfiguration;
			buildSettings = {
				ALWAYS_SEARCH_USER_PATHS = NO;
				CLANG_ANALYZER_NONNULL = YES;
				CLANG_CXX_LANGUAGE_STANDARD = "gnu++0x";
				CLANG_CXX_LIBRARY = "libc++";
				CLANG_ENABLE_MODULES = YES;
				CLANG_ENABLE_OBJC_ARC = YES;
				CLANG_WARN_BOOL_CONVERSION = YES;
				CLANG_WARN_CONSTANT_CONVERSION = YES;
				CLANG_WARN_DIRECT_OBJC_ISA_USAGE = YES_ERROR;
				CLANG_WARN_DOCUMENTATION_COMMENTS = YES;
				CLANG_WARN_EMPTY_BODY = YES;
				CLANG_WARN_ENUM_CONVERSION = YES;
				CLANG_WARN_INFINITE_RECURSION = YES;
				CLANG_WARN_INT_CONVERSION = YES;
				CLANG_WARN_OBJC_ROOT_CLASS = YES_ERROR;
				CLANG_WARN_SUSPICIOUS_MOVES = YES;
				CLANG_WARN_UNREACHABLE_CODE = YES;
				CLANG_WARN__DUPLICATE_METHOD_MATCH = YES;
				"CODE_SIGN_IDENTITY[sdk=iphoneos*]" = "iPhone Developer";
				COPY_PHASE_STRIP = NO;
				DEBUG_INFORMATION_FORMAT = "dwarf-with-dsym";
				ENABLE_NS_ASSERTIONS = NO;
				ENABLE_STRICT_OBJC_MSGSEND = YES;
				GCC_C_LANGUAGE_STANDARD = gnu99;
				GCC_NO_COMMON_BLOCKS = YES;
				GCC_WARN_64_TO_32_BIT_CONVERSION = YES;
				GCC_WARN_ABOUT_RETURN_TYPE = YES_ERROR;
				GCC_WARN_UNDECLARED_SELECTOR = YES;
				GCC_WARN_UNINITIALIZED_AUTOS = YES_AGGRESSIVE;
				GCC_WARN_UNUSED_FUNCTION = YES;
				GCC_WARN_UNUSED_VARIABLE = YES;
				IPHONEOS_DEPLOYMENT_TARGET = 10.0;
				MTL_ENABLE_DEBUG_INFO = NO;
				SDKROOT = iphoneos;
				SWIFT_OPTIMIZATION_LEVEL = "-Owholemodule";
				TARGETED_DEVICE_FAMILY = "1,2";
				VALIDATE_PRODUCT = YES;
			};
			name = Release;
		};
		1F691BF21E2E1BB0001F9CA3 /* Debug */ = {
			isa = XCBuildConfiguration;
			baseConfigurationReference = BA23402F1ED51D634C2C0CD1 /* Pods-ListTodo.debug.xcconfig */;
			buildSettings = {
				ASSETCATALOG_COMPILER_APPICON_NAME = AppIcon;
				DEVELOPMENT_TEAM = VS4N353AJM;
				INFOPLIST_FILE = ListTodo/Info.plist;
				LD_RUNPATH_SEARCH_PATHS = "$(inherited) @executable_path/Frameworks";
				PRODUCT_BUNDLE_IDENTIFIER = com.ganesh.ListTodo;
				PRODUCT_NAME = "$(TARGET_NAME)";
				SWIFT_VERSION = 3.0;
			};
			name = Debug;
		};
		1F691BF31E2E1BB0001F9CA3 /* Release */ = {
			isa = XCBuildConfiguration;
			baseConfigurationReference = 3B3E38DF61411F965247B256 /* Pods-ListTodo.release.xcconfig */;
			buildSettings = {
				ASSETCATALOG_COMPILER_APPICON_NAME = AppIcon;
				DEVELOPMENT_TEAM = VS4N353AJM;
				INFOPLIST_FILE = ListTodo/Info.plist;
				LD_RUNPATH_SEARCH_PATHS = "$(inherited) @executable_path/Frameworks";
				PRODUCT_BUNDLE_IDENTIFIER = com.ganesh.ListTodo;
				PRODUCT_NAME = "$(TARGET_NAME)";
				SWIFT_VERSION = 3.0;
			};
			name = Release;
		};
		1F691BF51E2E1BB0001F9CA3 /* Debug */ = {
			isa = XCBuildConfiguration;
			baseConfigurationReference = 50F011897397B21FB406EDC5 /* Pods-ListTodoTests.debug.xcconfig */;
			buildSettings = {
				ALWAYS_EMBED_SWIFT_STANDARD_LIBRARIES = YES;
				BUNDLE_LOADER = "$(TEST_HOST)";
				DEVELOPMENT_TEAM = VS4N353AJM;
				INFOPLIST_FILE = ListTodoTests/Info.plist;
				LD_RUNPATH_SEARCH_PATHS = "$(inherited) @executable_path/Frameworks @loader_path/Frameworks";
				PRODUCT_BUNDLE_IDENTIFIER = com.ganesh.ListTodoTests;
				PRODUCT_NAME = "$(TARGET_NAME)";
				SWIFT_VERSION = 3.0;
				TEST_HOST = "$(BUILT_PRODUCTS_DIR)/ListTodo.app/ListTodo";
			};
			name = Debug;
		};
		1F691BF61E2E1BB0001F9CA3 /* Release */ = {
			isa = XCBuildConfiguration;
			baseConfigurationReference = DD4BE239780EF7B9DF4723BC /* Pods-ListTodoTests.release.xcconfig */;
			buildSettings = {
				ALWAYS_EMBED_SWIFT_STANDARD_LIBRARIES = YES;
				BUNDLE_LOADER = "$(TEST_HOST)";
				DEVELOPMENT_TEAM = VS4N353AJM;
				INFOPLIST_FILE = ListTodoTests/Info.plist;
				LD_RUNPATH_SEARCH_PATHS = "$(inherited) @executable_path/Frameworks @loader_path/Frameworks";
				PRODUCT_BUNDLE_IDENTIFIER = com.ganesh.ListTodoTests;
				PRODUCT_NAME = "$(TARGET_NAME)";
				SWIFT_VERSION = 3.0;
				TEST_HOST = "$(BUILT_PRODUCTS_DIR)/ListTodo.app/ListTodo";
			};
			name = Release;
		};
		1F691BF81E2E1BB0001F9CA3 /* Debug */ = {
			isa = XCBuildConfiguration;
			baseConfigurationReference = FEBA1994364D75C93E7BEF75 /* Pods-ListTodoUITests.debug.xcconfig */;
			buildSettings = {
				ALWAYS_EMBED_SWIFT_STANDARD_LIBRARIES = YES;
				DEVELOPMENT_TEAM = VS4N353AJM;
				INFOPLIST_FILE = ListTodoUITests/Info.plist;
				LD_RUNPATH_SEARCH_PATHS = "$(inherited) @executable_path/Frameworks @loader_path/Frameworks";
				PRODUCT_BUNDLE_IDENTIFIER = com.ganesh.ListTodoUITests;
				PRODUCT_NAME = "$(TARGET_NAME)";
				SWIFT_VERSION = 3.0;
				TEST_TARGET_NAME = ListTodo;
			};
			name = Debug;
		};
		1F691BF91E2E1BB0001F9CA3 /* Release */ = {
			isa = XCBuildConfiguration;
			baseConfigurationReference = C8AAEBBDF0CB248F9698D8C0 /* Pods-ListTodoUITests.release.xcconfig */;
			buildSettings = {
				ALWAYS_EMBED_SWIFT_STANDARD_LIBRARIES = YES;
				DEVELOPMENT_TEAM = VS4N353AJM;
				INFOPLIST_FILE = ListTodoUITests/Info.plist;
				LD_RUNPATH_SEARCH_PATHS = "$(inherited) @executable_path/Frameworks @loader_path/Frameworks";
				PRODUCT_BUNDLE_IDENTIFIER = com.ganesh.ListTodoUITests;
				PRODUCT_NAME = "$(TARGET_NAME)";
				SWIFT_VERSION = 3.0;
				TEST_TARGET_NAME = ListTodo;
			};
			name = Release;
		};
/* End XCBuildConfiguration section */

/* Begin XCConfigurationList section */
		1F691BC11E2E1BAE001F9CA3 /* Build configuration list for PBXProject "ListTodo" */ = {
			isa = XCConfigurationList;
			buildConfigurations = (
				1F691BEF1E2E1BB0001F9CA3 /* Debug */,
				1F691BF01E2E1BB0001F9CA3 /* Release */,
			);
			defaultConfigurationIsVisible = 0;
			defaultConfigurationName = Release;
		};
		1F691BF11E2E1BB0001F9CA3 /* Build configuration list for PBXNativeTarget "ListTodo" */ = {
			isa = XCConfigurationList;
			buildConfigurations = (
				1F691BF21E2E1BB0001F9CA3 /* Debug */,
				1F691BF31E2E1BB0001F9CA3 /* Release */,
			);
			defaultConfigurationIsVisible = 0;
			defaultConfigurationName = Release;
		};
		1F691BF41E2E1BB0001F9CA3 /* Build configuration list for PBXNativeTarget "ListTodoTests" */ = {
			isa = XCConfigurationList;
			buildConfigurations = (
				1F691BF51E2E1BB0001F9CA3 /* Debug */,
				1F691BF61E2E1BB0001F9CA3 /* Release */,
			);
			defaultConfigurationIsVisible = 0;
			defaultConfigurationName = Release;
		};
		1F691BF71E2E1BB0001F9CA3 /* Build configuration list for PBXNativeTarget "ListTodoUITests" */ = {
			isa = XCConfigurationList;
			buildConfigurations = (
				1F691BF81E2E1BB0001F9CA3 /* Debug */,
				1F691BF91E2E1BB0001F9CA3 /* Release */,
			);
			defaultConfigurationIsVisible = 0;
			defaultConfigurationName = Release;
		};
/* End XCConfigurationList section */

/* Begin XCVersionGroup section */
		1F691BD01E2E1BAE001F9CA3 /* ListTodo.xcdatamodeld */ = {
			isa = XCVersionGroup;
			children = (
				1F691BD11E2E1BAE001F9CA3 /* ListTodo.xcdatamodel */,
			);
			currentVersion = 1F691BD11E2E1BAE001F9CA3 /* ListTodo.xcdatamodel */;
			path = ListTodo.xcdatamodeld;
			sourceTree = "<group>";
			versionGroupType = wrapper.xcdatamodel;
		};
/* End XCVersionGroup section */
	};
	rootObject = 1F691BBE1E2E1BAE001F9CA3 /* Project object */;
}
